
Microsoft Visual Studio Solution File, Format Version 12.00
# Visual Studio Version 17
VisualStudioVersion = 17.2.32616.157
MinimumVisualStudioVersion = 10.0.40219.1
Project("{FAE04EC0-301F-11D3-BF4B-00C04F79EFBC}") = "Stairs", "Stairs\Stairs.csproj", "{C36E716C-1828-4FDC-AE2E-4EED9F4FF81E}"
EndProject
Global
	GlobalSection(SolutionConfigurationPlatforms) = preSolution
		Debug|Any CPU = Debug|Any CPU
		Release|Any CPU = Release|Any CPU
	EndGlobalSection
	GlobalSection(ProjectConfigurationPlatforms) = postSolution
		{C36E716C-1828-4FDC-AE2E-4EED9F4FF81E}.Debug|Any CPU.ActiveCfg = Debug|Any CPU
		{C36E716C-1828-4FDC-AE2E-4EED9F4FF81E}.Debug|Any CPU.Build.0 = Debug|Any CPU
		{C36E716C-1828-4FDC-AE2E-4EED9F4FF81E}.Release|Any CPU.ActiveCfg = Release|Any CPU
		{C36E716C-1828-4FDC-AE2E-4EED9F4FF81E}.Release|Any CPU.Build.0 = Release|Any CPU
	EndGlobalSection
	GlobalSection(SolutionProperties) = preSolution
		HideSolutionNode = FALSE
	EndGlobalSection
	GlobalSection(ExtensibilityGlobals) = postSolution
		SolutionGuid = {D2615A9F-EEFC-4315-AC1E-5BD8C9AF59BF}
	EndGlobalSection
EndGlobal
