
Microsoft Visual Studio Solution File, Format Version 12.00
# Visual Studio Version 17
VisualStudioVersion = 17.2.32616.157
MinimumVisualStudioVersion = 10.0.40219.1
Project("{FAE04EC0-301F-11D3-BF4B-00C04F79EFBC}") = "ConsoleApp1", "ConsoleApp1\ConsoleApp1.csproj", "{5FFE8894-3B6A-496B-B249-6316D8A9D584}"
EndProject
Global
	GlobalSection(SolutionConfigurationPlatforms) = preSolution
		Debug|Any CPU = Debug|Any CPU
		Release|Any CPU = Release|Any CPU
	EndGlobalSection
	GlobalSection(ProjectConfigurationPlatforms) = postSolution
		{5FFE8894-3B6A-496B-B249-6316D8A9D584}.Debug|Any CPU.ActiveCfg = Debug|Any CPU
		{5FFE8894-3B6A-496B-B249-6316D8A9D584}.Debug|Any CPU.Build.0 = Debug|Any CPU
		{5FFE8894-3B6A-496B-B249-6316D8A9D584}.Release|Any CPU.ActiveCfg = Release|Any CPU
		{5FFE8894-3B6A-496B-B249-6316D8A9D584}.Release|Any CPU.Build.0 = Release|Any CPU
	EndGlobalSection
	GlobalSection(SolutionProperties) = preSolution
		HideSolutionNode = FALSE
	EndGlobalSection
	GlobalSection(ExtensibilityGlobals) = postSolution
		SolutionGuid = {A9A0FF8F-0797-4A44-BBCE-495787559A34}
	EndGlobalSection
EndGlobal
